
Microsoft Visual Studio Solution File, Format Version 12.00
# Visual Studio Version 16
VisualStudioVersion = 16.0.31729.503
MinimumVisualStudioVersion = 10.0.40219.1
Project("{FAE04EC0-301F-11D3-BF4B-00C04F79EFBC}") = "FileIO", "FileIO\FileIO.csproj", "{00C0C565-0774-4256-9230-E17EB062C84F}"
EndProject
Global
	GlobalSection(SolutionConfigurationPlatforms) = preSolution
		Debug|Any CPU = Debug|Any CPU
		Release|Any CPU = Release|Any CPU
	EndGlobalSection
	GlobalSection(ProjectConfigurationPlatforms) = postSolution
		{00C0C565-0774-4256-9230-E17EB062C84F}.Debug|Any CPU.ActiveCfg = Debug|Any CPU
		{00C0C565-0774-4256-9230-E17EB062C84F}.Debug|Any CPU.Build.0 = Debug|Any CPU
		{00C0C565-0774-4256-9230-E17EB062C84F}.Release|Any CPU.ActiveCfg = Release|Any CPU
		{00C0C565-0774-4256-9230-E17EB062C84F}.Release|Any CPU.Build.0 = Release|Any CPU
	EndGlobalSection
	GlobalSection(SolutionProperties) = preSolution
		HideSolutionNode = FALSE
	EndGlobalSection
	GlobalSection(ExtensibilityGlobals) = postSolution
		SolutionGuid = {96B67097-42E9-4BD1-8CCE-01B5CF8CD7D1}
	EndGlobalSection
EndGlobal
